
Microsoft Visual Studio Solution File, Format Version 12.00
# Visual Studio Version 17
VisualStudioVersion = 17.8.34330.188
MinimumVisualStudioVersion = 10.0.40219.1
Project("{FAE04EC0-301F-11D3-BF4B-00C04F79EFBC}") = "ChatACeniceros", "ChatACeniceros\ChatACeniceros.csproj", "{9412FB37-FEE5-4AF5-BDE4-BB6851EBFD3A}"
EndProject
Global
	GlobalSection(SolutionConfigurationPlatforms) = preSolution
		Debug|Any CPU = Debug|Any CPU
		Release|Any CPU = Release|Any CPU
	EndGlobalSection
	GlobalSection(ProjectConfigurationPlatforms) = postSolution
		{9412FB37-FEE5-4AF5-BDE4-BB6851EBFD3A}.Debug|Any CPU.ActiveCfg = Debug|Any CPU
		{9412FB37-FEE5-4AF5-BDE4-BB6851EBFD3A}.Debug|Any CPU.Build.0 = Debug|Any CPU
		{9412FB37-FEE5-4AF5-BDE4-BB6851EBFD3A}.Release|Any CPU.ActiveCfg = Release|Any CPU
		{9412FB37-FEE5-4AF5-BDE4-BB6851EBFD3A}.Release|Any CPU.Build.0 = Release|Any CPU
	EndGlobalSection
	GlobalSection(SolutionProperties) = preSolution
		HideSolutionNode = FALSE
	EndGlobalSection
	GlobalSection(ExtensibilityGlobals) = postSolution
		SolutionGuid = {A8D9283C-8A19-409D-B732-F820D226FFBD}
	EndGlobalSection
EndGlobal
